
Microsoft Visual Studio Solution File, Format Version 12.00
# Visual Studio Version 17
VisualStudioVersion = 17.8.34511.84
MinimumVisualStudioVersion = 10.0.40219.1
Project("{9A19103F-16F7-4668-BE54-9A1E7A4F7556}") = "CoreDemo", "CoreDemo\CoreDemo.csproj", "{EB5D2F58-94D5-443E-959F-21EDED1B9F05}"
EndProject
Project("{9A19103F-16F7-4668-BE54-9A1E7A4F7556}") = "EntityLayer", "EntityLayer\EntityLayer.csproj", "{AA13D95E-5672-4AC1-A689-12C62BF7EB94}"
EndProject
Project("{9A19103F-16F7-4668-BE54-9A1E7A4F7556}") = "DataAccessLayer", "DataAccessLayer\DataAccessLayer.csproj", "{D5FC62A4-4C4D-46BE-A558-786618E4EB8F}"
EndProject
Project("{9A19103F-16F7-4668-BE54-9A1E7A4F7556}") = "BusinessLayer", "BusinessLayer\BusinessLayer.csproj", "{3406E845-29C6-4C3D-AB25-A37E5DB86B97}"
EndProject
Project("{9A19103F-16F7-4668-BE54-9A1E7A4F7556}") = "CoreLayer", "CoreLayer\CoreLayer.csproj", "{EB343B33-1743-4342-8BB8-35695C87D0C1}"
EndProject
Project("{FAE04EC0-301F-11D3-BF4B-00C04F79EFBC}") = "BlogApıDemo", "BlogApıDemo\BlogApıDemo.csproj", "{9CF1E8C7-9923-43F5-A023-59355B89B7E3}"
EndProject
Global
	GlobalSection(SolutionConfigurationPlatforms) = preSolution
		Debug|Any CPU = Debug|Any CPU
		Release|Any CPU = Release|Any CPU
	EndGlobalSection
	GlobalSection(ProjectConfigurationPlatforms) = postSolution
		{EB5D2F58-94D5-443E-959F-21EDED1B9F05}.Debug|Any CPU.ActiveCfg = Debug|Any CPU
		{EB5D2F58-94D5-443E-959F-21EDED1B9F05}.Debug|Any CPU.Build.0 = Debug|Any CPU
		{EB5D2F58-94D5-443E-959F-21EDED1B9F05}.Release|Any CPU.ActiveCfg = Release|Any CPU
		{EB5D2F58-94D5-443E-959F-21EDED1B9F05}.Release|Any CPU.Build.0 = Release|Any CPU
		{AA13D95E-5672-4AC1-A689-12C62BF7EB94}.Debug|Any CPU.ActiveCfg = Debug|Any CPU
		{AA13D95E-5672-4AC1-A689-12C62BF7EB94}.Debug|Any CPU.Build.0 = Debug|Any CPU
		{AA13D95E-5672-4AC1-A689-12C62BF7EB94}.Release|Any CPU.ActiveCfg = Release|Any CPU
		{AA13D95E-5672-4AC1-A689-12C62BF7EB94}.Release|Any CPU.Build.0 = Release|Any CPU
		{D5FC62A4-4C4D-46BE-A558-786618E4EB8F}.Debug|Any CPU.ActiveCfg = Debug|Any CPU
		{D5FC62A4-4C4D-46BE-A558-786618E4EB8F}.Debug|Any CPU.Build.0 = Debug|Any CPU
		{D5FC62A4-4C4D-46BE-A558-786618E4EB8F}.Release|Any CPU.ActiveCfg = Release|Any CPU
		{D5FC62A4-4C4D-46BE-A558-786618E4EB8F}.Release|Any CPU.Build.0 = Release|Any CPU
		{3406E845-29C6-4C3D-AB25-A37E5DB86B97}.Debug|Any CPU.ActiveCfg = Debug|Any CPU
		{3406E845-29C6-4C3D-AB25-A37E5DB86B97}.Debug|Any CPU.Build.0 = Debug|Any CPU
		{3406E845-29C6-4C3D-AB25-A37E5DB86B97}.Release|Any CPU.ActiveCfg = Release|Any CPU
		{3406E845-29C6-4C3D-AB25-A37E5DB86B97}.Release|Any CPU.Build.0 = Release|Any CPU
		{EB343B33-1743-4342-8BB8-35695C87D0C1}.Debug|Any CPU.ActiveCfg = Debug|Any CPU
		{EB343B33-1743-4342-8BB8-35695C87D0C1}.Debug|Any CPU.Build.0 = Debug|Any CPU
		{EB343B33-1743-4342-8BB8-35695C87D0C1}.Release|Any CPU.ActiveCfg = Release|Any CPU
		{EB343B33-1743-4342-8BB8-35695C87D0C1}.Release|Any CPU.Build.0 = Release|Any CPU
		{9CF1E8C7-9923-43F5-A023-59355B89B7E3}.Debug|Any CPU.ActiveCfg = Debug|Any CPU
		{9CF1E8C7-9923-43F5-A023-59355B89B7E3}.Debug|Any CPU.Build.0 = Debug|Any CPU
		{9CF1E8C7-9923-43F5-A023-59355B89B7E3}.Release|Any CPU.ActiveCfg = Release|Any CPU
		{9CF1E8C7-9923-43F5-A023-59355B89B7E3}.Release|Any CPU.Build.0 = Release|Any CPU
	EndGlobalSection
	GlobalSection(SolutionProperties) = preSolution
		HideSolutionNode = FALSE
	EndGlobalSection
	GlobalSection(ExtensibilityGlobals) = postSolution
		SolutionGuid = {05A46530-9B57-4D9E-B840-480E95B5CC85}
	EndGlobalSection
EndGlobal
